
Microsoft Visual Studio Solution File, Format Version 12.00
# Visual Studio 15
VisualStudioVersion = 15.0.28307.572
MinimumVisualStudioVersion = 10.0.40219.1
Project("{FAE04EC0-301F-11D3-BF4B-00C04F79EFBC}") = "CoreAPIWithADO", "CoreAPIWithADO\CoreAPIWithADO.csproj", "{97A353B8-80D7-42E0-9D0A-46A6F20536A1}"
EndProject
Global
	GlobalSection(SolutionConfigurationPlatforms) = preSolution
		Debug|Any CPU = Debug|Any CPU
		Release|Any CPU = Release|Any CPU
	EndGlobalSection
	GlobalSection(ProjectConfigurationPlatforms) = postSolution
		{97A353B8-80D7-42E0-9D0A-46A6F20536A1}.Debug|Any CPU.ActiveCfg = Debug|Any CPU
		{97A353B8-80D7-42E0-9D0A-46A6F20536A1}.Debug|Any CPU.Build.0 = Debug|Any CPU
		{97A353B8-80D7-42E0-9D0A-46A6F20536A1}.Release|Any CPU.ActiveCfg = Release|Any CPU
		{97A353B8-80D7-42E0-9D0A-46A6F20536A1}.Release|Any CPU.Build.0 = Release|Any CPU
	EndGlobalSection
	GlobalSection(SolutionProperties) = preSolution
		HideSolutionNode = FALSE
	EndGlobalSection
	GlobalSection(ExtensibilityGlobals) = postSolution
		SolutionGuid = {CAA4B1EB-4E49-44EE-A528-29E7DE416E5E}
	EndGlobalSection
EndGlobal
